{
  "requires": true,
  "lockfileVersion": 1,
  "dependencies": {
    "@syncfusion/ej2-base": {
      "version": "17.4.51",
      "resolved": "https://registry.npmjs.org/@syncfusion/ej2-base/-/ej2-base-17.4.51.tgz",
      "integrity": "sha512-3o+qOEAD26cgotyBOUjW8VQB9TqQl3v2bYHlBAIhkTBJXHMY//vMcY63MwlY7UaqyWFiCHtG0Oov4rH8QQRSGg==",
      "requires": {
        "@syncfusion/ej2-icons": "~17.4.51"
      }
    },
    "@syncfusion/ej2-buttons": {
      "version": "17.4.51",
      "resolved": "https://registry.npmjs.org/@syncfusion/ej2-buttons/-/ej2-buttons-17.4.51.tgz",
      "integrity": "sha512-tLh+UPi6SOqZqmFQKyQ11f+u/szMUBGQz3fMD3QCw/STduG+oVhsmQnSWCZQX2piteszj+27wGCr+FHVns7sww==",
      "requires": {
        "@syncfusion/ej2-base": "~17.4.51"
      }
    },
    "@syncfusion/ej2-calendars": {
      "version": "17.4.51",
      "resolved": "https://registry.npmjs.org/@syncfusion/ej2-calendars/-/ej2-calendars-17.4.51.tgz",
      "integrity": "sha512-uNlmjBI3Fvcjn+qelyH9ss59L4lo19emrt9SxXVTpwCTKXQ1bI2gUlbsoR+oGpS1iRq3C0safqcMGSQe+Fft3g==",
      "requires": {
        "@syncfusion/ej2-base": "~17.4.51",
        "@syncfusion/ej2-buttons": "~17.4.51",
        "@syncfusion/ej2-inputs": "~17.4.51",
        "@syncfusion/ej2-lists": "~17.4.51",
        "@syncfusion/ej2-popups": "~17.4.51"
      }
    },
    "@syncfusion/ej2-compression": {
      "version": "17.4.51",
      "resolved": "https://registry.npmjs.org/@syncfusion/ej2-compression/-/ej2-compression-17.4.51.tgz",
      "integrity": "sha512-lbwAEgX49WtTeevV5hYwE4HVjXJcD7U33tlkVzLe7r81ZCtTsC4Buz2J8aiPZp0dVfOxDV1DJHYHIp2FStYQFg==",
      "requires": {
        "@syncfusion/ej2-file-utils": "~17.4.51"
      }
    },
    "@syncfusion/ej2-data": {
      "version": "17.4.51",
      "resolved": "https://registry.npmjs.org/@syncfusion/ej2-data/-/ej2-data-17.4.51.tgz",
      "integrity": "sha512-UaJPqyy8WTYw53/rCE/Er/Kd1QUPlp5Zv8/lVAloYsgkj+DqsOuf9hiQk2S6NuCCT7wTOcBrK1T5zGajm5yZtA==",
      "requires": {
        "@syncfusion/ej2-base": "~17.4.51"
      }
    },
    "@syncfusion/ej2-dropdowns": {
      "version": "17.4.51",
      "resolved": "https://registry.npmjs.org/@syncfusion/ej2-dropdowns/-/ej2-dropdowns-17.4.51.tgz",
      "integrity": "sha512-O01mkQNaY8aPulTxtoF9EVp5IupB1aUDFkIoE7Yqo3SMoZbCWxhsemcX+KHePTWH49Yq9E/YaQPOIr//mN+R0Q==",
      "requires": {
        "@syncfusion/ej2-base": "~17.4.51",
        "@syncfusion/ej2-data": "~17.4.51",
        "@syncfusion/ej2-inputs": "~17.4.51",
        "@syncfusion/ej2-lists": "~17.4.51",
        "@syncfusion/ej2-popups": "~17.4.51"
      }
    },
    "@syncfusion/ej2-excel-export": {
      "version": "17.4.51",
      "resolved": "https://registry.npmjs.org/@syncfusion/ej2-excel-export/-/ej2-excel-export-17.4.51.tgz",
      "integrity": "sha512-J13H3IMEbIuz7lCp8fhVWtxNkuB7CPefMQbMnMpfvkjo38OMKyWuX3mS6EsPHe3Gyy8JNCwMsPqd4mFsTHMRbg==",
      "requires": {
        "@syncfusion/ej2-base": "~17.4.51",
        "@syncfusion/ej2-compression": "~17.4.51"
      }
    },
    "@syncfusion/ej2-file-utils": {
      "version": "17.4.51",
      "resolved": "https://registry.npmjs.org/@syncfusion/ej2-file-utils/-/ej2-file-utils-17.4.51.tgz",
      "integrity": "sha512-7TQq1BAAvgU4FWUPVUf42RX1/dLUcNceeqGxgJ944CXWaEm3sswVsFKtBm4CGK4mtIfTSejTbMaNXLE5sWMXNw=="
    },
    "@syncfusion/ej2-icons": {
      "version": "17.4.51",
      "resolved": "https://registry.npmjs.org/@syncfusion/ej2-icons/-/ej2-icons-17.4.51.tgz",
      "integrity": "sha512-pBXyKHKaV1ysj4QL1CywOrKRptw3bv/NKmIggkIaWjRGSbya8K6w1XBxrIkJFU7medaKKwNEApsanTvA2rMapw=="
    },
    "@syncfusion/ej2-inputs": {
      "version": "17.4.51",
      "resolved": "https://registry.npmjs.org/@syncfusion/ej2-inputs/-/ej2-inputs-17.4.51.tgz",
      "integrity": "sha512-rmFVHseRwPrXU/iLwpS9fKfzupiJYszGVassgYCQyqPSTfhE2IkZhMXUrauj3mpR4DD3Qjgakvz+syjF6PqyaQ==",
      "requires": {
        "@syncfusion/ej2-base": "~17.4.51",
        "@syncfusion/ej2-buttons": "~17.4.51",
        "@syncfusion/ej2-popups": "~17.4.51",
        "@syncfusion/ej2-splitbuttons": "~17.4.51"
      }
    },
    "@syncfusion/ej2-lists": {
      "version": "17.4.51",
      "resolved": "https://registry.npmjs.org/@syncfusion/ej2-lists/-/ej2-lists-17.4.51.tgz",
      "integrity": "sha512-3Ou6pxHVK9xk/8euCoK9v6fYUjYGSDy7JMWzLJSGbCGbLNJvdaW1W/T/tCXTTpH7YtyHvrEAfQmy0wv+G00kYw==",
      "requires": {
        "@syncfusion/ej2-base": "~17.4.51",
        "@syncfusion/ej2-buttons": "~17.4.51",
        "@syncfusion/ej2-data": "~17.4.51"
      }
    },
    "@syncfusion/ej2-navigations": {
      "version": "17.4.51",
      "resolved": "https://registry.npmjs.org/@syncfusion/ej2-navigations/-/ej2-navigations-17.4.51.tgz",
      "integrity": "sha512-r36nJ9idDmYhjAo1oNTyWekrSXkJUEsA25zTW90PUjCsoTE2kXwkjrFHK/ssj2YcrNAXke7YaxtDasONKD8XzQ==",
      "requires": {
        "@syncfusion/ej2-base": "~17.4.51",
        "@syncfusion/ej2-buttons": "~17.4.51",
        "@syncfusion/ej2-data": "~17.4.51",
        "@syncfusion/ej2-inputs": "~17.4.51",
        "@syncfusion/ej2-lists": "~17.4.51",
        "@syncfusion/ej2-popups": "~17.4.51"
      }
    },
    "@syncfusion/ej2-popups": {
      "version": "17.4.51",
      "resolved": "https://registry.npmjs.org/@syncfusion/ej2-popups/-/ej2-popups-17.4.51.tgz",
      "integrity": "sha512-29bVoa4ll/7laI0d7PoP3tX97B1OC7nRXaaRkGvAPn1QQuWgyBzc3eymby3P16UpoptOVwNq1BIf2/cxBY7gMQ==",
      "requires": {
        "@syncfusion/ej2-base": "~17.4.51",
        "@syncfusion/ej2-buttons": "~17.4.51"
      }
    },
    "@syncfusion/ej2-react-base": {
      "version": "17.4.51",
      "resolved": "https://registry.npmjs.org/@syncfusion/ej2-react-base/-/ej2-react-base-17.4.51.tgz",
      "integrity": "sha512-f86Eq1satbu2s37AxSaGNtVXaJ4LNN4dGTkVs3xIFqn+J/k248SinNCV5z3HDRz4rrPK4BjGHRooU879u5Lw7Q==",
      "requires": {
        "@syncfusion/ej2-base": "~17.4.51"
      }
    },
    "@syncfusion/ej2-react-schedule": {
      "version": "17.4.51",
      "resolved": "https://registry.npmjs.org/@syncfusion/ej2-react-schedule/-/ej2-react-schedule-17.4.51.tgz",
      "integrity": "sha512-2prnI6/HI85MGJYIK9O/RJVOvcNtBcEJPPjFsO6vW+RnEqnRyciF5zZnczmSvnYUkJb3HWwCmvGoGw3b0md4IQ==",
      "requires": {
        "@syncfusion/ej2-base": "~17.4.51",
        "@syncfusion/ej2-react-base": "~17.4.51",
        "@syncfusion/ej2-schedule": "17.4.51"
      }
    },
    "@syncfusion/ej2-schedule": {
      "version": "17.4.51",
      "resolved": "https://registry.npmjs.org/@syncfusion/ej2-schedule/-/ej2-schedule-17.4.51.tgz",
      "integrity": "sha512-89Tn4cbdvOcgEVkgpgUMGSY3WidBEcg0Uh74s+oW5rLUXDEjzTIGHQZBWHf9XOh0HkC0G4dYSFn38ljjRqfNKQ==",
      "requires": {
        "@syncfusion/ej2-base": "~17.4.51",
        "@syncfusion/ej2-buttons": "~17.4.51",
        "@syncfusion/ej2-calendars": "~17.4.51",
        "@syncfusion/ej2-data": "~17.4.51",
        "@syncfusion/ej2-dropdowns": "~17.4.51",
        "@syncfusion/ej2-excel-export": "~17.4.51",
        "@syncfusion/ej2-inputs": "~17.4.51",
        "@syncfusion/ej2-lists": "~17.4.51",
        "@syncfusion/ej2-navigations": "~17.4.51",
        "@syncfusion/ej2-popups": "~17.4.51"
      }
    },
    "@syncfusion/ej2-splitbuttons": {
      "version": "17.4.51",
      "resolved": "https://registry.npmjs.org/@syncfusion/ej2-splitbuttons/-/ej2-splitbuttons-17.4.51.tgz",
      "integrity": "sha512-qwmAfKRyfBVSkEPAGX0duMmEsNFEAG2A9QSYyujs7VpPAoxzzL30FLcyudrKMeFnHZh90yif/ct7xZ7shXDqag==",
      "requires": {
        "@syncfusion/ej2-base": "~17.4.51",
        "@syncfusion/ej2-popups": "~17.4.51"
      }
    }
  }
}
